// !$*UTF8*$!
{
	archiveVersion = 1;
	classes = {
	};
	objectVersion = 46;
	objects = {

/* Begin PBXBuildFile section */
		389ED5CD1D27132500675759 /* AppDelegate.swift in Sources */ = {isa = PBXBuildFile; fileRef = 389ED5CC1D27132500675759 /* AppDelegate.swift */; };
		389ED5CF1D27132500675759 /* ViewController.swift in Sources */ = {isa = PBXBuildFile; fileRef = 389ED5CE1D27132500675759 /* ViewController.swift */; };
		389ED5D21D27132500675759 /* Main.storyboard in Resources */ = {isa = PBXBuildFile; fileRef = 389ED5D01D27132500675759 /* Main.storyboard */; };
		389ED5D41D27132500675759 /* Assets.xcassets in Resources */ = {isa = PBXBuildFile; fileRef = 389ED5D31D27132500675759 /* Assets.xcassets */; };
		389ED5D71D27132500675759 /* LaunchScreen.storyboard in Resources */ = {isa = PBXBuildFile; fileRef = 389ED5D51D27132500675759 /* LaunchScreen.storyboard */; };
		389ED5E21D27132500675759 /* JKParagraphLineSpacingDemoTests.swift in Sources */ = {isa = PBXBuildFile; fileRef = 389ED5E11D27132500675759 /* JKParagraphLineSpacingDemoTests.swift */; };
/* End PBXBuildFile section */

/* Begin PBXContainerItemProxy section */
		389ED5DE1D27132500675759 /* PBXContainerItemProxy */ = {
			isa = PBXContainerItemProxy;
			containerPortal = 389ED5C11D27132500675759 /* Project object */;
			proxyType = 1;
			remoteGlobalIDString = 389ED5C81D27132500675759;
			remoteInfo = JKParagraphLineSpacingDemo;
		};
/* End PBXContainerItemProxy section */

/* Begin PBXFileReference section */
		389ED5C91D27132500675759 /* JKParagraphLineSpacingDemo.app */ = {isa = PBXFileReference; explicitFileType = wrapper.application; includeInIndex = 0; path = JKParagraphLineSpacingDemo.app; sourceTree = BUILT_PRODUCTS_DIR; };
		389ED5CC1D27132500675759 /* AppDelegate.swift */ = {isa = PBXFileReference; lastKnownFileType = sourcecode.swift; path = AppDelegate.swift; sourceTree = "<group>"; };
		389ED5CE1D27132500675759 /* ViewController.swift */ = {isa = PBXFileReference; lastKnownFileType = sourcecode.swift; path = ViewController.swift; sourceTree = "<group>"; };
		389ED5D11D27132500675759 /* Base */ = {isa = PBXFileReference; lastKnownFileType = file.storyboard; name = Base; path = Base.lproj/Main.storyboard; sourceTree = "<group>"; };
		389ED5D31D27132500675759 /* Assets.xcassets */ = {isa = PBXFileReference; lastKnownFileType = folder.assetcatalog; path = Assets.xcassets; sourceTree = "<group>"; };
		389ED5D61D27132500675759 /* Base */ = {isa = PBXFileReference; lastKnownFileType = file.storyboard; name = Base; path = Base.lproj/LaunchScreen.storyboard; sourceTree = "<group>"; };
		389ED5D81D27132500675759 /* Info.plist */ = {isa = PBXFileReference; lastKnownFileType = text.plist.xml; path = Info.plist; sourceTree = "<group>"; };
		389ED5DD1D27132500675759 /* JKParagraphLineSpacingDemoTests.xctest */ = {isa = PBXFileReference; explicitFileType = wrapper.cfbundle; includeInIndex = 0; path = JKParagraphLineSpacingDemoTests.xctest; sourceTree = BUILT_PRODUCTS_DIR; };
		389ED5E11D27132500675759 /* JKParagraphLineSpacingDemoTests.swift */ = {isa = PBXFileReference; lastKnownFileType = sourcecode.swift; path = JKParagraphLineSpacingDemoTests.swift; sourceTree = "<group>"; };
		389ED5E31D27132500675759 /* Info.plist */ = {isa = PBXFileReference; lastKnownFileType = text.plist.xml; path = Info.plist; sourceTree = "<group>"; };
/* End PBXFileReference section */

/* Begin PBXFrameworksBuildPhase section */
		389ED5C61D27132500675759 /* Frameworks */ = {
			isa = PBXFrameworksBuildPhase;
			buildActionMask = 2147483647;
			files = (
			);
			runOnlyForDeploymentPostprocessing = 0;
		};
		389ED5DA1D27132500675759 /* Frameworks */ = {
			isa = PBXFrameworksBuildPhase;
			buildActionMask = 2147483647;
			files = (
			);
			runOnlyForDeploymentPostprocessing = 0;
		};
/* End PBXFrameworksBuildPhase section */

/* Begin PBXGroup section */
		389ED5C01D27132500675759 = {
			isa = PBXGroup;
			children = (
				389ED5CB1D27132500675759 /* JKParagraphLineSpacingDemo */,
				389ED5E01D27132500675759 /* JKParagraphLineSpacingDemoTests */,
				389ED5CA1D27132500675759 /* Products */,
			);
			sourceTree = "<group>";
		};
		389ED5CA1D27132500675759 /* Products */ = {
			isa = PBXGroup;
			children = (
				389ED5C91D27132500675759 /* JKParagraphLineSpacingDemo.app */,
				389ED5DD1D27132500675759 /* JKParagraphLineSpacingDemoTests.xctest */,
			);
			name = Products;
			sourceTree = "<group>";
		};
		389ED5CB1D27132500675759 /* JKParagraphLineSpacingDemo */ = {
			isa = PBXGroup;
			children = (
				389ED5CC1D27132500675759 /* AppDelegate.swift */,
				389ED5CE1D27132500675759 /* ViewController.swift */,
				389ED5D01D27132500675759 /* Main.storyboard */,
				389ED5D31D27132500675759 /* Assets.xcassets */,
				389ED5D51D27132500675759 /* LaunchScreen.storyboard */,
				389ED5D81D27132500675759 /* Info.plist */,
			);
			path = JKParagraphLineSpacingDemo;
			sourceTree = "<group>";
		};
		389ED5E01D27132500675759 /* JKParagraphLineSpacingDemoTests */ = {
			isa = PBXGroup;
			children = (
				389ED5E11D27132500675759 /* JKParagraphLineSpacingDemoTests.swift */,
				389ED5E31D27132500675759 /* Info.plist */,
			);
			path = JKParagraphLineSpacingDemoTests;
			sourceTree = "<group>";
		};
/* End PBXGroup section */

/* Begin PBXNativeTarget section */
		389ED5C81D27132500675759 /* JKParagraphLineSpacingDemo */ = {
			isa = PBXNativeTarget;
			buildConfigurationList = 389ED5E61D27132500675759 /* Build configuration list for PBXNativeTarget "JKParagraphLineSpacingDemo" */;
			buildPhases = (
				389ED5C51D27132500675759 /* Sources */,
				389ED5C61D27132500675759 /* Frameworks */,
				389ED5C71D27132500675759 /* Resources */,
			);
			buildRules = (
			);
			dependencies = (
			);
			name = JKParagraphLineSpacingDemo;
			productName = JKParagraphLineSpacingDemo;
			productReference = 389ED5C91D27132500675759 /* JKParagraphLineSpacingDemo.app */;
			productType = "com.apple.product-type.application";
		};
		389ED5DC1D27132500675759 /* JKParagraphLineSpacingDemoTests */ = {
			isa = PBXNativeTarget;
			buildConfigurationList = 389ED5E91D27132500675759 /* Build configuration list for PBXNativeTarget "JKParagraphLineSpacingDemoTests" */;
			buildPhases = (
				389ED5D91D27132500675759 /* Sources */,
				389ED5DA1D27132500675759 /* Frameworks */,
				389ED5DB1D27132500675759 /* Resources */,
			);
			buildRules = (
			);
			dependencies = (
				389ED5DF1D27132500675759 /* PBXTargetDependency */,
			);
			name = JKParagraphLineSpacingDemoTests;
			productName = JKParagraphLineSpacingDemoTests;
			productReference = 389ED5DD1D27132500675759 /* JKParagraphLineSpacingDemoTests.xctest */;
			productType = "com.apple.product-type.bundle.unit-test";
		};
/* End PBXNativeTarget section */

/* Begin PBXProject section */
		389ED5C11D27132500675759 /* Project object */ = {
			isa = PBXProject;
			attributes = {
				LastSwiftUpdateCheck = 0730;
				LastUpgradeCheck = 0730;
				ORGANIZATIONNAME = "Jayesh Kawli Backup";
				TargetAttributes = {
					389ED5C81D27132500675759 = {
						CreatedOnToolsVersion = 7.3.1;
					};
					389ED5DC1D27132500675759 = {
						CreatedOnToolsVersion = 7.3.1;
						TestTargetID = 389ED5C81D27132500675759;
					};
				};
			};
			buildConfigurationList = 389ED5C41D27132500675759 /* Build configuration list for PBXProject "JKParagraphLineSpacingDemo" */;
			compatibilityVersion = "Xcode 3.2";
			developmentRegion = English;
			hasScannedForEncodings = 0;
			knownRegions = (
				en,
				Base,
			);
			mainGroup = 389ED5C01D27132500675759;
			productRefGroup = 389ED5CA1D27132500675759 /* Products */;
			projectDirPath = "";
			projectRoot = "";
			targets = (
				389ED5C81D27132500675759 /* JKParagraphLineSpacingDemo */,
				389ED5DC1D27132500675759 /* JKParagraphLineSpacingDemoTests */,
			);
		};
/* End PBXProject section */

/* Begin PBXResourcesBuildPhase section */
		389ED5C71D27132500675759 /* Resources */ = {
			isa = PBXResourcesBuildPhase;
			buildActionMask = 2147483647;
			files = (
				389ED5D71D27132500675759 /* LaunchScreen.storyboard in Resources */,
				389ED5D41D27132500675759 /* Assets.xcassets in Resources */,
				389ED5D21D27132500675759 /* Main.storyboard in Resources */,
			);
			runOnlyForDeploymentPostprocessing = 0;
		};
		389ED5DB1D27132500675759 /* Resources */ = {
			isa = PBXResourcesBuildPhase;
			buildActionMask = 2147483647;
			files = (
			);
			runOnlyForDeploymentPostprocessing = 0;
		};
/* End PBXResourcesBuildPhase section */

/* Begin PBXSourcesBuildPhase section */
		389ED5C51D27132500675759 /* Sources */ = {
			isa = PBXSourcesBuildPhase;
			buildActionMask = 2147483647;
			files = (
				389ED5CF1D27132500675759 /* ViewController.swift in Sources */,
				389ED5CD1D27132500675759 /* AppDelegate.swift in Sources */,
			);
			runOnlyForDeploymentPostprocessing = 0;
		};
		389ED5D91D27132500675759 /* Sources */ = {
			isa = PBXSourcesBuildPhase;
			buildActionMask = 2147483647;
			files = (
				389ED5E21D27132500675759 /* JKParagraphLineSpacingDemoTests.swift in Sources */,
			);
			runOnlyForDeploymentPostprocessing = 0;
		};
/* End PBXSourcesBuildPhase section */

/* Begin PBXTargetDependency section */
		389ED5DF1D27132500675759 /* PBXTargetDependency */ = {
			isa = PBXTargetDependency;
			target = 389ED5C81D27132500675759 /* JKParagraphLineSpacingDemo */;
			targetProxy = 389ED5DE1D27132500675759 /* PBXContainerItemProxy */;
		};
/* End PBXTargetDependency section */

/* Begin PBXVariantGroup section */
		389ED5D01D27132500675759 /* Main.storyboard */ = {
			isa = PBXVariantGroup;
			children = (
				389ED5D11D27132500675759 /* Base */,
			);
			name = Main.storyboard;
			sourceTree = "<group>";
		};
		389ED5D51D27132500675759 /* LaunchScreen.storyboard */ = {
			isa = PBXVariantGroup;
			children = (
				389ED5D61D27132500675759 /* Base */,
			);
			name = LaunchScreen.storyboard;
			sourceTree = "<group>";
		};
/* End PBXVariantGroup section */

/* Begin XCBuildConfiguration section */
		389ED5E41D27132500675759 /* Debug */ = {
			isa = XCBuildConfiguration;
			buildSettings = {
				ALWAYS_SEARCH_USER_PATHS = NO;
				CLANG_ANALYZER_NONNULL = YES;
				CLANG_CXX_LANGUAGE_STANDARD = "gnu++0x";
				CLANG_CXX_LIBRARY = "libc++";
				CLANG_ENABLE_MODULES = YES;
				CLANG_ENABLE_OBJC_ARC = YES;
				CLANG_WARN_BOOL_CONVERSION = YES;
				CLANG_WARN_CONSTANT_CONVERSION = YES;
				CLANG_WARN_DIRECT_OBJC_ISA_USAGE = YES_ERROR;
				CLANG_WARN_EMPTY_BODY = YES;
				CLANG_WARN_ENUM_CONVERSION = YES;
				CLANG_WARN_INT_CONVERSION = YES;
				CLANG_WARN_OBJC_ROOT_CLASS = YES_ERROR;
				CLANG_WARN_UNREACHABLE_CODE = YES;
				CLANG_WARN__DUPLICATE_METHOD_MATCH = YES;
				"CODE_SIGN_IDENTITY[sdk=iphoneos*]" = "iPhone Developer";
				COPY_PHASE_STRIP = NO;
				DEBUG_INFORMATION_FORMAT = dwarf;
				ENABLE_STRICT_OBJC_MSGSEND = YES;
				ENABLE_TESTABILITY = YES;
				GCC_C_LANGUAGE_STANDARD = gnu99;
				GCC_DYNAMIC_NO_PIC = NO;
				GCC_NO_COMMON_BLOCKS = YES;
				GCC_OPTIMIZATION_LEVEL = 0;
				GCC_PREPROCESSOR_DEFINITIONS = (
					"DEBUG=1",
					"$(inherited)",
				);
				GCC_WARN_64_TO_32_BIT_CONVERSION = YES;
				GCC_WARN_ABOUT_RETURN_TYPE = YES_ERROR;
				GCC_WARN_UNDECLARED_SELECTOR = YES;
				GCC_WARN_UNINITIALIZED_AUTOS = YES_AGGRESSIVE;
				GCC_WARN_UNUSED_FUNCTION = YES;
				GCC_WARN_UNUSED_VARIABLE = YES;
				IPHONEOS_DEPLOYMENT_TARGET = 9.3;
				MTL_ENABLE_DEBUG_INFO = YES;
				ONLY_ACTIVE_ARCH = YES;
				SDKROOT = iphoneos;
				SWIFT_OPTIMIZATION_LEVEL = "-Onone";
				TARGETED_DEVICE_FAMILY = "1,2";
			};
			name = Debug;
		};
		389ED5E51D27132500675759 /* Release */ = {
			isa = XCBuildConfiguration;
			buildSettings = {
				ALWAYS_SEARCH_USER_PATHS = NO;
				CLANG_ANALYZER_NONNULL = YES;
				CLANG_CXX_LANGUAGE_STANDARD = "gnu++0x";
				CLANG_CXX_LIBRARY = "libc++";
				CLANG_ENABLE_MODULES = YES;
				CLANG_ENABLE_OBJC_ARC = YES;
				CLANG_WARN_BOOL_CONVERSION = YES;
				CLANG_WARN_CONSTANT_CONVERSION = YES;
				CLANG_WARN_DIRECT_OBJC_ISA_USAGE = YES_ERROR;
				CLANG_WARN_EMPTY_BODY = YES;
				CLANG_WARN_ENUM_CONVERSION = YES;
				CLANG_WARN_INT_CONVERSION = YES;
				CLANG_WARN_OBJC_ROOT_CLASS = YES_ERROR;
				CLANG_WARN_UNREACHABLE_CODE = YES;
				CLANG_WARN__DUPLICATE_METHOD_MATCH = YES;
				"CODE_SIGN_IDENTITY[sdk=iphoneos*]" = "iPhone Developer";
				COPY_PHASE_STRIP = NO;
				DEBUG_INFORMATION_FORMAT = "dwarf-with-dsym";
				ENABLE_NS_ASSERTIONS = NO;
				ENABLE_STRICT_OBJC_MSGSEND = YES;
				GCC_C_LANGUAGE_STANDARD = gnu99;
				GCC_NO_COMMON_BLOCKS = YES;
				GCC_WARN_64_TO_32_BIT_CONVERSION = YES;
				GCC_WARN_ABOUT_RETURN_TYPE = YES_ERROR;
				GCC_WARN_UNDECLARED_SELECTOR = YES;
				GCC_WARN_UNINITIALIZED_AUTOS = YES_AGGRESSIVE;
				GCC_WARN_UNUSED_FUNCTION = YES;
				GCC_WARN_UNUSED_VARIABLE = YES;
				IPHONEOS_DEPLOYMENT_TARGET = 9.3;
				MTL_ENABLE_DEBUG_INFO = NO;
				SDKROOT = iphoneos;
				TARGETED_DEVICE_FAMILY = "1,2";
				VALIDATE_PRODUCT = YES;
			};
			name = Release;
		};
		389ED5E71D27132500675759 /* Debug */ = {
			isa = XCBuildConfiguration;
			buildSettings = {
				ASSETCATALOG_COMPILER_APPICON_NAME = AppIcon;
				INFOPLIST_FILE = JKParagraphLineSpacingDemo/Info.plist;
				IPHONEOS_DEPLOYMENT_TARGET = 8.0;
				LD_RUNPATH_SEARCH_PATHS = "$(inherited) @executable_path/Frameworks";
				PRODUCT_BUNDLE_IDENTIFIER = com.jayeshKawli.JKParagraphLineSpacingDemo;
				PRODUCT_NAME = "$(TARGET_NAME)";
			};
			name = Debug;
		};
		389ED5E81D27132500675759 /* Release */ = {
			isa = XCBuildConfiguration;
			buildSettings = {
				ASSETCATALOG_COMPILER_APPICON_NAME = AppIcon;
				INFOPLIST_FILE = JKParagraphLineSpacingDemo/Info.plist;
				IPHONEOS_DEPLOYMENT_TARGET = 8.0;
				LD_RUNPATH_SEARCH_PATHS = "$(inherited) @executable_path/Frameworks";
				PRODUCT_BUNDLE_IDENTIFIER = com.jayeshKawli.JKParagraphLineSpacingDemo;
				PRODUCT_NAME = "$(TARGET_NAME)";
			};
			name = Release;
		};
		389ED5EA1D27132500675759 /* Debug */ = {
			isa = XCBuildConfiguration;
			buildSettings = {
				BUNDLE_LOADER = "$(TEST_HOST)";
				INFOPLIST_FILE = JKParagraphLineSpacingDemoTests/Info.plist;
				LD_RUNPATH_SEARCH_PATHS = "$(inherited) @executable_path/Frameworks @loader_path/Frameworks";
				PRODUCT_BUNDLE_IDENTIFIER = com.jayeshKawli.JKParagraphLineSpacingDemoTests;
				PRODUCT_NAME = "$(TARGET_NAME)";
				TEST_HOST = "$(BUILT_PRODUCTS_DIR)/JKParagraphLineSpacingDemo.app/JKParagraphLineSpacingDemo";
			};
			name = Debug;
		};
		389ED5EB1D27132500675759 /* Release */ = {
			isa = XCBuildConfiguration;
			buildSettings = {
				BUNDLE_LOADER = "$(TEST_HOST)";
				INFOPLIST_FILE = JKParagraphLineSpacingDemoTests/Info.plist;
				LD_RUNPATH_SEARCH_PATHS = "$(inherited) @executable_path/Frameworks @loader_path/Frameworks";
				PRODUCT_BUNDLE_IDENTIFIER = com.jayeshKawli.JKParagraphLineSpacingDemoTests;
				PRODUCT_NAME = "$(TARGET_NAME)";
				TEST_HOST = "$(BUILT_PRODUCTS_DIR)/JKParagraphLineSpacingDemo.app/JKParagraphLineSpacingDemo";
			};
			name = Release;
		};
/* End XCBuildConfiguration section */

/* Begin XCConfigurationList section */
		389ED5C41D27132500675759 /* Build configuration list for PBXProject "JKParagraphLineSpacingDemo" */ = {
			isa = XCConfigurationList;
			buildConfigurations = (
				389ED5E41D27132500675759 /* Debug */,
				389ED5E51D27132500675759 /* Release */,
			);
			defaultConfigurationIsVisible = 0;
			defaultConfigurationName = Release;
		};
		389ED5E61D27132500675759 /* Build configuration list for PBXNativeTarget "JKParagraphLineSpacingDemo" */ = {
			isa = XCConfigurationList;
			buildConfigurations = (
				389ED5E71D27132500675759 /* Debug */,
				389ED5E81D27132500675759 /* Release */,
			);
			defaultConfigurationIsVisible = 0;
		};
		389ED5E91D27132500675759 /* Build configuration list for PBXNativeTarget "JKParagraphLineSpacingDemoTests" */ = {
			isa = XCConfigurationList;
			buildConfigurations = (
				389ED5EA1D27132500675759 /* Debug */,
				389ED5EB1D27132500675759 /* Release */,
			);
			defaultConfigurationIsVisible = 0;
		};
/* End XCConfigurationList section */
	};
	rootObject = 389ED5C11D27132500675759 /* Project object */;
}
